// !$*UTF8*$!
{
	archiveVersion = 1;
	classes = {
	};
	objectVersion = 46;
	objects = {

/* Begin PBXBuildFile section */
		23727791197EA2C500C501CD /* Foundation.framework in Frameworks */ = {isa = PBXBuildFile; fileRef = 23727790197EA2C500C501CD /* Foundation.framework */; };
		23727793197EA2C500C501CD /* CoreGraphics.framework in Frameworks */ = {isa = PBXBuildFile; fileRef = 23727792197EA2C500C501CD /* CoreGraphics.framework */; };
		23727795197EA2C500C501CD /* UIKit.framework in Frameworks */ = {isa = PBXBuildFile; fileRef = 23727794197EA2C500C501CD /* UIKit.framework */; };
		23727797197EA2C500C501CD /* CoreData.framework in Frameworks */ = {isa = PBXBuildFile; fileRef = 23727796197EA2C500C501CD /* CoreData.framework */; };
		2372779D197EA2C500C501CD /* InfoPlist.strings in Resources */ = {isa = PBXBuildFile; fileRef = 2372779B197EA2C500C501CD /* InfoPlist.strings */; };
		2372779F197EA2C500C501CD /* main.m in Sources */ = {isa = PBXBuildFile; fileRef = 2372779E197EA2C500C501CD /* main.m */; };
		237277A3197EA2C500C501CD /* AppDelegate.m in Sources */ = {isa = PBXBuildFile; fileRef = 237277A2197EA2C500C501CD /* AppDelegate.m */; };
		237277A6197EA2C500C501CD /* NoSecret.xcdatamodeld in Sources */ = {isa = PBXBuildFile; fileRef = 237277A4197EA2C500C501CD /* NoSecret.xcdatamodeld */; };
		237277A8197EA2C500C501CD /* Images.xcassets in Resources */ = {isa = PBXBuildFile; fileRef = 237277A7197EA2C500C501CD /* Images.xcassets */; };
		237277AF197EA2C500C501CD /* XCTest.framework in Frameworks */ = {isa = PBXBuildFile; fileRef = 237277AE197EA2C500C501CD /* XCTest.framework */; };
		237277B0197EA2C500C501CD /* Foundation.framework in Frameworks */ = {isa = PBXBuildFile; fileRef = 23727790197EA2C500C501CD /* Foundation.framework */; };
		237277B1197EA2C500C501CD /* UIKit.framework in Frameworks */ = {isa = PBXBuildFile; fileRef = 23727794197EA2C500C501CD /* UIKit.framework */; };
		237277B2197EA2C500C501CD /* CoreData.framework in Frameworks */ = {isa = PBXBuildFile; fileRef = 23727796197EA2C500C501CD /* CoreData.framework */; };
		237277BA197EA2C500C501CD /* InfoPlist.strings in Resources */ = {isa = PBXBuildFile; fileRef = 237277B8197EA2C500C501CD /* InfoPlist.strings */; };
		237277BC197EA2C500C501CD /* NoSecretTests.m in Sources */ = {isa = PBXBuildFile; fileRef = 237277BB197EA2C500C501CD /* NoSecretTests.m */; };
		237277CB197EAA1600C501CD /* TableViewCell.m in Sources */ = {isa = PBXBuildFile; fileRef = 237277C9197EAA1600C501CD /* TableViewCell.m */; };
		23EBAC98197FEC25004917D7 /* mainViewController.m in Sources */ = {isa = PBXBuildFile; fileRef = 23EBAC97197FEC25004917D7 /* mainViewController.m */; };
		23EBAC99197FEF71004917D7 /* TableViewCell.xib in Resources */ = {isa = PBXBuildFile; fileRef = 23EBAC9B197FEF71004917D7 /* TableViewCell.xib */; };
		23EBACA21980094B004917D7 /* img0.png in Resources */ = {isa = PBXBuildFile; fileRef = 23EBACA11980094B004917D7 /* img0.png */; };
/* End PBXBuildFile section */

/* Begin PBXContainerItemProxy section */
		237277B3197EA2C500C501CD /* PBXContainerItemProxy */ = {
			isa = PBXContainerItemProxy;
			containerPortal = 23727785197EA2C500C501CD /* Project object */;
			proxyType = 1;
			remoteGlobalIDString = 2372778C197EA2C500C501CD;
			remoteInfo = NoSecret;
		};
/* End PBXContainerItemProxy section */

/* Begin PBXFileReference section */
		2372778D197EA2C500C501CD /* NoSecret.app */ = {isa = PBXFileReference; explicitFileType = wrapper.application; includeInIndex = 0; path = NoSecret.app; sourceTree = BUILT_PRODUCTS_DIR; };
		23727790197EA2C500C501CD /* Foundation.framework */ = {isa = PBXFileReference; lastKnownFileType = wrapper.framework; name = Foundation.framework; path = System/Library/Frameworks/Foundation.framework; sourceTree = SDKROOT; };
		23727792197EA2C500C501CD /* CoreGraphics.framework */ = {isa = PBXFileReference; lastKnownFileType = wrapper.framework; name = CoreGraphics.framework; path = System/Library/Frameworks/CoreGraphics.framework; sourceTree = SDKROOT; };
		23727794197EA2C500C501CD /* UIKit.framework */ = {isa = PBXFileReference; lastKnownFileType = wrapper.framework; name = UIKit.framework; path = System/Library/Frameworks/UIKit.framework; sourceTree = SDKROOT; };
		23727796197EA2C500C501CD /* CoreData.framework */ = {isa = PBXFileReference; lastKnownFileType = wrapper.framework; name = CoreData.framework; path = System/Library/Frameworks/CoreData.framework; sourceTree = SDKROOT; };
		2372779A197EA2C500C501CD /* NoSecret-Info.plist */ = {isa = PBXFileReference; lastKnownFileType = text.plist.xml; path = "NoSecret-Info.plist"; sourceTree = "<group>"; };
		2372779C197EA2C500C501CD /* en */ = {isa = PBXFileReference; lastKnownFileType = text.plist.strings; name = en; path = en.lproj/InfoPlist.strings; sourceTree = "<group>"; };
		2372779E197EA2C500C501CD /* main.m */ = {isa = PBXFileReference; lastKnownFileType = sourcecode.c.objc; path = main.m; sourceTree = "<group>"; };
		237277A0197EA2C500C501CD /* NoSecret-Prefix.pch */ = {isa = PBXFileReference; lastKnownFileType = sourcecode.c.h; path = "NoSecret-Prefix.pch"; sourceTree = "<group>"; };
		237277A1197EA2C500C501CD /* AppDelegate.h */ = {isa = PBXFileReference; lastKnownFileType = sourcecode.c.h; path = AppDelegate.h; sourceTree = "<group>"; };
		237277A2197EA2C500C501CD /* AppDelegate.m */ = {isa = PBXFileReference; lastKnownFileType = sourcecode.c.objc; path = AppDelegate.m; sourceTree = "<group>"; };
		237277A5197EA2C500C501CD /* NoSecret.xcdatamodel */ = {isa = PBXFileReference; lastKnownFileType = wrapper.xcdatamodel; path = NoSecret.xcdatamodel; sourceTree = "<group>"; };
		237277A7197EA2C500C501CD /* Images.xcassets */ = {isa = PBXFileReference; lastKnownFileType = folder.assetcatalog; path = Images.xcassets; sourceTree = "<group>"; };
		237277AD197EA2C500C501CD /* NoSecretTests.xctest */ = {isa = PBXFileReference; explicitFileType = wrapper.cfbundle; includeInIndex = 0; path = NoSecretTests.xctest; sourceTree = BUILT_PRODUCTS_DIR; };
		237277AE197EA2C500C501CD /* XCTest.framework */ = {isa = PBXFileReference; lastKnownFileType = wrapper.framework; name = XCTest.framework; path = Library/Frameworks/XCTest.framework; sourceTree = DEVELOPER_DIR; };
		237277B7197EA2C500C501CD /* NoSecretTests-Info.plist */ = {isa = PBXFileReference; lastKnownFileType = text.plist.xml; path = "NoSecretTests-Info.plist"; sourceTree = "<group>"; };
		237277B9197EA2C500C501CD /* en */ = {isa = PBXFileReference; lastKnownFileType = text.plist.strings; name = en; path = en.lproj/InfoPlist.strings; sourceTree = "<group>"; };
		237277BB197EA2C500C501CD /* NoSecretTests.m */ = {isa = PBXFileReference; lastKnownFileType = sourcecode.c.objc; path = NoSecretTests.m; sourceTree = "<group>"; };
		237277C8197EAA1600C501CD /* TableViewCell.h */ = {isa = PBXFileReference; fileEncoding = 4; lastKnownFileType = sourcecode.c.h; path = TableViewCell.h; sourceTree = "<group>"; };
		237277C9197EAA1600C501CD /* TableViewCell.m */ = {isa = PBXFileReference; fileEncoding = 4; lastKnownFileType = sourcecode.c.objc; path = TableViewCell.m; sourceTree = "<group>"; };
		23EBAC96197FEC25004917D7 /* mainViewController.h */ = {isa = PBXFileReference; fileEncoding = 4; lastKnownFileType = sourcecode.c.h; path = mainViewController.h; sourceTree = "<group>"; };
		23EBAC97197FEC25004917D7 /* mainViewController.m */ = {isa = PBXFileReference; fileEncoding = 4; lastKnownFileType = sourcecode.c.objc; path = mainViewController.m; sourceTree = "<group>"; };
		23EBAC9A197FEF71004917D7 /* en */ = {isa = PBXFileReference; lastKnownFileType = file.xib; name = en; path = en.lproj/TableViewCell.xib; sourceTree = "<group>"; };
		23EBACA11980094B004917D7 /* img0.png */ = {isa = PBXFileReference; lastKnownFileType = image.png; path = img0.png; sourceTree = "<group>"; };
/* End PBXFileReference section */

/* Begin PBXFrameworksBuildPhase section */
		2372778A197EA2C500C501CD /* Frameworks */ = {
			isa = PBXFrameworksBuildPhase;
			buildActionMask = 2147483647;
			files = (
				23727793197EA2C500C501CD /* CoreGraphics.framework in Frameworks */,
				23727797197EA2C500C501CD /* CoreData.framework in Frameworks */,
				23727795197EA2C500C501CD /* UIKit.framework in Frameworks */,
				23727791197EA2C500C501CD /* Foundation.framework in Frameworks */,
			);
			runOnlyForDeploymentPostprocessing = 0;
		};
		237277AA197EA2C500C501CD /* Frameworks */ = {
			isa = PBXFrameworksBuildPhase;
			buildActionMask = 2147483647;
			files = (
				237277AF197EA2C500C501CD /* XCTest.framework in Frameworks */,
				237277B2197EA2C500C501CD /* CoreData.framework in Frameworks */,
				237277B1197EA2C500C501CD /* UIKit.framework in Frameworks */,
				237277B0197EA2C500C501CD /* Foundation.framework in Frameworks */,
			);
			runOnlyForDeploymentPostprocessing = 0;
		};
/* End PBXFrameworksBuildPhase section */

/* Begin PBXGroup section */
		23727784197EA2C500C501CD = {
			isa = PBXGroup;
			children = (
				23727798197EA2C500C501CD /* NoSecret */,
				237277B5197EA2C500C501CD /* NoSecretTests */,
				2372778F197EA2C500C501CD /* Frameworks */,
				2372778E197EA2C500C501CD /* Products */,
			);
			sourceTree = "<group>";
		};
		2372778E197EA2C500C501CD /* Products */ = {
			isa = PBXGroup;
			children = (
				2372778D197EA2C500C501CD /* NoSecret.app */,
				237277AD197EA2C500C501CD /* NoSecretTests.xctest */,
			);
			name = Products;
			sourceTree = "<group>";
		};
		2372778F197EA2C500C501CD /* Frameworks */ = {
			isa = PBXGroup;
			children = (
				23727790197EA2C500C501CD /* Foundation.framework */,
				23727792197EA2C500C501CD /* CoreGraphics.framework */,
				23727794197EA2C500C501CD /* UIKit.framework */,
				23727796197EA2C500C501CD /* CoreData.framework */,
				237277AE197EA2C500C501CD /* XCTest.framework */,
			);
			name = Frameworks;
			sourceTree = "<group>";
		};
		23727798197EA2C500C501CD /* NoSecret */ = {
			isa = PBXGroup;
			children = (
				23EBACA11980094B004917D7 /* img0.png */,
				237277A1197EA2C500C501CD /* AppDelegate.h */,
				237277A2197EA2C500C501CD /* AppDelegate.m */,
				23EBAC96197FEC25004917D7 /* mainViewController.h */,
				23EBAC97197FEC25004917D7 /* mainViewController.m */,
				237277C8197EAA1600C501CD /* TableViewCell.h */,
				237277C9197EAA1600C501CD /* TableViewCell.m */,
				23EBAC9B197FEF71004917D7 /* TableViewCell.xib */,
				237277A7197EA2C500C501CD /* Images.xcassets */,
				237277A4197EA2C500C501CD /* NoSecret.xcdatamodeld */,
				23727799197EA2C500C501CD /* Supporting Files */,
			);
			path = NoSecret;
			sourceTree = "<group>";
		};
		23727799197EA2C500C501CD /* Supporting Files */ = {
			isa = PBXGroup;
			children = (
				2372779A197EA2C500C501CD /* NoSecret-Info.plist */,
				2372779B197EA2C500C501CD /* InfoPlist.strings */,
				2372779E197EA2C500C501CD /* main.m */,
				237277A0197EA2C500C501CD /* NoSecret-Prefix.pch */,
			);
			name = "Supporting Files";
			sourceTree = "<group>";
		};
		237277B5197EA2C500C501CD /* NoSecretTests */ = {
			isa = PBXGroup;
			children = (
				237277BB197EA2C500C501CD /* NoSecretTests.m */,
				237277B6197EA2C500C501CD /* Supporting Files */,
			);
			path = NoSecretTests;
			sourceTree = "<group>";
		};
		237277B6197EA2C500C501CD /* Supporting Files */ = {
			isa = PBXGroup;
			children = (
				237277B7197EA2C500C501CD /* NoSecretTests-Info.plist */,
				237277B8197EA2C500C501CD /* InfoPlist.strings */,
			);
			name = "Supporting Files";
			sourceTree = "<group>";
		};
/* End PBXGroup section */

/* Begin PBXNativeTarget section */
		2372778C197EA2C500C501CD /* NoSecret */ = {
			isa = PBXNativeTarget;
			buildConfigurationList = 237277BF197EA2C500C501CD /* Build configuration list for PBXNativeTarget "NoSecret" */;
			buildPhases = (
				23727789197EA2C500C501CD /* Sources */,
				2372778A197EA2C500C501CD /* Frameworks */,
				2372778B197EA2C500C501CD /* Resources */,
			);
			buildRules = (
			);
			dependencies = (
			);
			name = NoSecret;
			productName = NoSecret;
			productReference = 2372778D197EA2C500C501CD /* NoSecret.app */;
			productType = "com.apple.product-type.application";
		};
		237277AC197EA2C500C501CD /* NoSecretTests */ = {
			isa = PBXNativeTarget;
			buildConfigurationList = 237277C2197EA2C500C501CD /* Build configuration list for PBXNativeTarget "NoSecretTests" */;
			buildPhases = (
				237277A9197EA2C500C501CD /* Sources */,
				237277AA197EA2C500C501CD /* Frameworks */,
				237277AB197EA2C500C501CD /* Resources */,
			);
			buildRules = (
			);
			dependencies = (
				237277B4197EA2C500C501CD /* PBXTargetDependency */,
			);
			name = NoSecretTests;
			productName = NoSecretTests;
			productReference = 237277AD197EA2C500C501CD /* NoSecretTests.xctest */;
			productType = "com.apple.product-type.bundle.unit-test";
		};
/* End PBXNativeTarget section */

/* Begin PBXProject section */
		23727785197EA2C500C501CD /* Project object */ = {
			isa = PBXProject;
			attributes = {
				LastUpgradeCheck = 0510;
				ORGANIZATIONNAME = cc;
				TargetAttributes = {
					237277AC197EA2C500C501CD = {
						TestTargetID = 2372778C197EA2C500C501CD;
					};
				};
			};
			buildConfigurationList = 23727788197EA2C500C501CD /* Build configuration list for PBXProject "NoSecret" */;
			compatibilityVersion = "Xcode 3.2";
			developmentRegion = English;
			hasScannedForEncodings = 0;
			knownRegions = (
				en,
			);
			mainGroup = 23727784197EA2C500C501CD;
			productRefGroup = 2372778E197EA2C500C501CD /* Products */;
			projectDirPath = "";
			projectRoot = "";
			targets = (
				2372778C197EA2C500C501CD /* NoSecret */,
				237277AC197EA2C500C501CD /* NoSecretTests */,
			);
		};
/* End PBXProject section */

/* Begin PBXResourcesBuildPhase section */
		2372778B197EA2C500C501CD /* Resources */ = {
			isa = PBXResourcesBuildPhase;
			buildActionMask = 2147483647;
			files = (
				23EBACA21980094B004917D7 /* img0.png in Resources */,
				2372779D197EA2C500C501CD /* InfoPlist.strings in Resources */,
				23EBAC99197FEF71004917D7 /* TableViewCell.xib in Resources */,
				237277A8197EA2C500C501CD /* Images.xcassets in Resources */,
			);
			runOnlyForDeploymentPostprocessing = 0;
		};
		237277AB197EA2C500C501CD /* Resources */ = {
			isa = PBXResourcesBuildPhase;
			buildActionMask = 2147483647;
			files = (
				237277BA197EA2C500C501CD /* InfoPlist.strings in Resources */,
			);
			runOnlyForDeploymentPostprocessing = 0;
		};
/* End PBXResourcesBuildPhase section */

/* Begin PBXSourcesBuildPhase section */
		23727789197EA2C500C501CD /* Sources */ = {
			isa = PBXSourcesBuildPhase;
			buildActionMask = 2147483647;
			files = (
				237277A3197EA2C500C501CD /* AppDelegate.m in Sources */,
				2372779F197EA2C500C501CD /* main.m in Sources */,
				23EBAC98197FEC25004917D7 /* mainViewController.m in Sources */,
				237277A6197EA2C500C501CD /* NoSecret.xcdatamodeld in Sources */,
				237277CB197EAA1600C501CD /* TableViewCell.m in Sources */,
			);
			runOnlyForDeploymentPostprocessing = 0;
		};
		237277A9197EA2C500C501CD /* Sources */ = {
			isa = PBXSourcesBuildPhase;
			buildActionMask = 2147483647;
			files = (
				237277BC197EA2C500C501CD /* NoSecretTests.m in Sources */,
			);
			runOnlyForDeploymentPostprocessing = 0;
		};
/* End PBXSourcesBuildPhase section */

/* Begin PBXTargetDependency section */
		237277B4197EA2C500C501CD /* PBXTargetDependency */ = {
			isa = PBXTargetDependency;
			target = 2372778C197EA2C500C501CD /* NoSecret */;
			targetProxy = 237277B3197EA2C500C501CD /* PBXContainerItemProxy */;
		};
/* End PBXTargetDependency section */

/* Begin PBXVariantGroup section */
		2372779B197EA2C500C501CD /* InfoPlist.strings */ = {
			isa = PBXVariantGroup;
			children = (
				2372779C197EA2C500C501CD /* en */,
			);
			name = InfoPlist.strings;
			sourceTree = "<group>";
		};
		237277B8197EA2C500C501CD /* InfoPlist.strings */ = {
			isa = PBXVariantGroup;
			children = (
				237277B9197EA2C500C501CD /* en */,
			);
			name = InfoPlist.strings;
			sourceTree = "<group>";
		};
		23EBAC9B197FEF71004917D7 /* TableViewCell.xib */ = {
			isa = PBXVariantGroup;
			children = (
				23EBAC9A197FEF71004917D7 /* en */,
			);
			name = TableViewCell.xib;
			sourceTree = "<group>";
		};
/* End PBXVariantGroup section */

/* Begin XCBuildConfiguration section */
		237277BD197EA2C500C501CD /* Debug */ = {
			isa = XCBuildConfiguration;
			buildSettings = {
				ALWAYS_SEARCH_USER_PATHS = NO;
				CLANG_CXX_LANGUAGE_STANDARD = "gnu++0x";
				CLANG_CXX_LIBRARY = "libc++";
				CLANG_ENABLE_MODULES = YES;
				CLANG_ENABLE_OBJC_ARC = YES;
				CLANG_WARN_BOOL_CONVERSION = YES;
				CLANG_WARN_CONSTANT_CONVERSION = YES;
				CLANG_WARN_DIRECT_OBJC_ISA_USAGE = YES_ERROR;
				CLANG_WARN_EMPTY_BODY = YES;
				CLANG_WARN_ENUM_CONVERSION = YES;
				CLANG_WARN_INT_CONVERSION = YES;
				CLANG_WARN_OBJC_ROOT_CLASS = YES_ERROR;
				CLANG_WARN__DUPLICATE_METHOD_MATCH = YES;
				"CODE_SIGN_IDENTITY[sdk=iphoneos*]" = "iPhone Developer";
				COPY_PHASE_STRIP = NO;
				GCC_C_LANGUAGE_STANDARD = gnu99;
				GCC_DYNAMIC_NO_PIC = NO;
				GCC_OPTIMIZATION_LEVEL = 0;
				GCC_PREPROCESSOR_DEFINITIONS = (
					"DEBUG=1",
					"$(inherited)",
				);
				GCC_SYMBOLS_PRIVATE_EXTERN = NO;
				GCC_WARN_64_TO_32_BIT_CONVERSION = YES;
				GCC_WARN_ABOUT_RETURN_TYPE = YES_ERROR;
				GCC_WARN_UNDECLARED_SELECTOR = YES;
				GCC_WARN_UNINITIALIZED_AUTOS = YES_AGGRESSIVE;
				GCC_WARN_UNUSED_FUNCTION = YES;
				GCC_WARN_UNUSED_VARIABLE = YES;
				IPHONEOS_DEPLOYMENT_TARGET = 7.1;
				ONLY_ACTIVE_ARCH = YES;
				SDKROOT = iphoneos;
				TARGETED_DEVICE_FAMILY = "1,2";
			};
			name = Debug;
		};
		237277BE197EA2C500C501CD /* Release */ = {
			isa = XCBuildConfiguration;
			buildSettings = {
				ALWAYS_SEARCH_USER_PATHS = NO;
				CLANG_CXX_LANGUAGE_STANDARD = "gnu++0x";
				CLANG_CXX_LIBRARY = "libc++";
				CLANG_ENABLE_MODULES = YES;
				CLANG_ENABLE_OBJC_ARC = YES;
				CLANG_WARN_BOOL_CONVERSION = YES;
				CLANG_WARN_CONSTANT_CONVERSION = YES;
				CLANG_WARN_DIRECT_OBJC_ISA_USAGE = YES_ERROR;
				CLANG_WARN_EMPTY_BODY = YES;
				CLANG_WARN_ENUM_CONVERSION = YES;
				CLANG_WARN_INT_CONVERSION = YES;
				CLANG_WARN_OBJC_ROOT_CLASS = YES_ERROR;
				CLANG_WARN__DUPLICATE_METHOD_MATCH = YES;
				"CODE_SIGN_IDENTITY[sdk=iphoneos*]" = "iPhone Developer";
				COPY_PHASE_STRIP = YES;
				ENABLE_NS_ASSERTIONS = NO;
				GCC_C_LANGUAGE_STANDARD = gnu99;
				GCC_WARN_64_TO_32_BIT_CONVERSION = YES;
				GCC_WARN_ABOUT_RETURN_TYPE = YES_ERROR;
				GCC_WARN_UNDECLARED_SELECTOR = YES;
				GCC_WARN_UNINITIALIZED_AUTOS = YES_AGGRESSIVE;
				GCC_WARN_UNUSED_FUNCTION = YES;
				GCC_WARN_UNUSED_VARIABLE = YES;
				IPHONEOS_DEPLOYMENT_TARGET = 7.1;
				SDKROOT = iphoneos;
				TARGETED_DEVICE_FAMILY = "1,2";
				VALIDATE_PRODUCT = YES;
			};
			name = Release;
		};
		237277C0197EA2C500C501CD /* Debug */ = {
			isa = XCBuildConfiguration;
			buildSettings = {
				ASSETCATALOG_COMPILER_APPICON_NAME = AppIcon;
				ASSETCATALOG_COMPILER_LAUNCHIMAGE_NAME = LaunchImage;
				GCC_PRECOMPILE_PREFIX_HEADER = YES;
				GCC_PREFIX_HEADER = "NoSecret/NoSecret-Prefix.pch";
				INFOPLIST_FILE = "NoSecret/NoSecret-Info.plist";
				PRODUCT_NAME = "$(TARGET_NAME)";
				WRAPPER_EXTENSION = app;
			};
			name = Debug;
		};
		237277C1197EA2C500C501CD /* Release */ = {
			isa = XCBuildConfiguration;
			buildSettings = {
				ASSETCATALOG_COMPILER_APPICON_NAME = AppIcon;
				ASSETCATALOG_COMPILER_LAUNCHIMAGE_NAME = LaunchImage;
				GCC_PRECOMPILE_PREFIX_HEADER = YES;
				GCC_PREFIX_HEADER = "NoSecret/NoSecret-Prefix.pch";
				INFOPLIST_FILE = "NoSecret/NoSecret-Info.plist";
				PRODUCT_NAME = "$(TARGET_NAME)";
				WRAPPER_EXTENSION = app;
			};
			name = Release;
		};
		237277C3197EA2C500C501CD /* Debug */ = {
			isa = XCBuildConfiguration;
			buildSettings = {
				BUNDLE_LOADER = "$(BUILT_PRODUCTS_DIR)/NoSecret.app/NoSecret";
				FRAMEWORK_SEARCH_PATHS = (
					"$(SDKROOT)/Developer/Library/Frameworks",
					"$(inherited)",
					"$(DEVELOPER_FRAMEWORKS_DIR)",
				);
				GCC_PRECOMPILE_PREFIX_HEADER = YES;
				GCC_PREFIX_HEADER = "NoSecret/NoSecret-Prefix.pch";
				GCC_PREPROCESSOR_DEFINITIONS = (
					"DEBUG=1",
					"$(inherited)",
				);
				INFOPLIST_FILE = "NoSecretTests/NoSecretTests-Info.plist";
				PRODUCT_NAME = "$(TARGET_NAME)";
				TEST_HOST = "$(BUNDLE_LOADER)";
				WRAPPER_EXTENSION = xctest;
			};
			name = Debug;
		};
		237277C4197EA2C500C501CD /* Release */ = {
			isa = XCBuildConfiguration;
			buildSettings = {
				BUNDLE_LOADER = "$(BUILT_PRODUCTS_DIR)/NoSecret.app/NoSecret";
				FRAMEWORK_SEARCH_PATHS = (
					"$(SDKROOT)/Developer/Library/Frameworks",
					"$(inherited)",
					"$(DEVELOPER_FRAMEWORKS_DIR)",
				);
				GCC_PRECOMPILE_PREFIX_HEADER = YES;
				GCC_PREFIX_HEADER = "NoSecret/NoSecret-Prefix.pch";
				INFOPLIST_FILE = "NoSecretTests/NoSecretTests-Info.plist";
				PRODUCT_NAME = "$(TARGET_NAME)";
				TEST_HOST = "$(BUNDLE_LOADER)";
				WRAPPER_EXTENSION = xctest;
			};
			name = Release;
		};
/* End XCBuildConfiguration section */

/* Begin XCConfigurationList section */
		23727788197EA2C500C501CD /* Build configuration list for PBXProject "NoSecret" */ = {
			isa = XCConfigurationList;
			buildConfigurations = (
				237277BD197EA2C500C501CD /* Debug */,
				237277BE197EA2C500C501CD /* Release */,
			);
			defaultConfigurationIsVisible = 0;
			defaultConfigurationName = Release;
		};
		237277BF197EA2C500C501CD /* Build configuration list for PBXNativeTarget "NoSecret" */ = {
			isa = XCConfigurationList;
			buildConfigurations = (
				237277C0197EA2C500C501CD /* Debug */,
				237277C1197EA2C500C501CD /* Release */,
			);
			defaultConfigurationIsVisible = 0;
			defaultConfigurationName = Release;
		};
		237277C2197EA2C500C501CD /* Build configuration list for PBXNativeTarget "NoSecretTests" */ = {
			isa = XCConfigurationList;
			buildConfigurations = (
				237277C3197EA2C500C501CD /* Debug */,
				237277C4197EA2C500C501CD /* Release */,
			);
			defaultConfigurationIsVisible = 0;
			defaultConfigurationName = Release;
		};
/* End XCConfigurationList section */

/* Begin XCVersionGroup section */
		237277A4197EA2C500C501CD /* NoSecret.xcdatamodeld */ = {
			isa = XCVersionGroup;
			children = (
				237277A5197EA2C500C501CD /* NoSecret.xcdatamodel */,
			);
			currentVersion = 237277A5197EA2C500C501CD /* NoSecret.xcdatamodel */;
			path = NoSecret.xcdatamodeld;
			sourceTree = "<group>";
			versionGroupType = wrapper.xcdatamodel;
		};
/* End XCVersionGroup section */
	};
	rootObject = 23727785197EA2C500C501CD /* Project object */;
}
