// !$*UTF8*$!
{
	archiveVersion = 1;
	classes = {
	};
	objectVersion = 46;
	objects = {

/* Begin PBXBuildFile section */
		233C9845199259F90063ED63 /* NSData+MKBase64.m in Sources */ = {isa = PBXBuildFile; fileRef = 233C9831199259F90063ED63 /* NSData+MKBase64.m */; };
		233C9846199259F90063ED63 /* NSDate+RFC1123.m in Sources */ = {isa = PBXBuildFile; fileRef = 233C9833199259F90063ED63 /* NSDate+RFC1123.m */; };
		233C9847199259F90063ED63 /* NSDictionary+RequestEncoding.m in Sources */ = {isa = PBXBuildFile; fileRef = 233C9835199259F90063ED63 /* NSDictionary+RequestEncoding.m */; };
		233C9848199259F90063ED63 /* NSString+MKNetworkKitAdditions.m in Sources */ = {isa = PBXBuildFile; fileRef = 233C9837199259F90063ED63 /* NSString+MKNetworkKitAdditions.m */; };
		233C9849199259F90063ED63 /* UIAlertView+MKNetworkKitAdditions.m in Sources */ = {isa = PBXBuildFile; fileRef = 233C9839199259F90063ED63 /* UIAlertView+MKNetworkKitAdditions.m */; };
		233C984A199259F90063ED63 /* UIImageView+MKNetworkKitAdditions.m in Sources */ = {isa = PBXBuildFile; fileRef = 233C983B199259F90063ED63 /* UIImageView+MKNetworkKitAdditions.m */; };
		233C984B199259F90063ED63 /* MKNetworkEngine.m in Sources */ = {isa = PBXBuildFile; fileRef = 233C983D199259F90063ED63 /* MKNetworkEngine.m */; };
		233C984C199259F90063ED63 /* MKNetworkOperation.m in Sources */ = {isa = PBXBuildFile; fileRef = 233C9840199259F90063ED63 /* MKNetworkOperation.m */; };
		233C984D199259F90063ED63 /* Reachability.m in Sources */ = {isa = PBXBuildFile; fileRef = 233C9843199259F90063ED63 /* Reachability.m */; };
		233C984F19925A400063ED63 /* SystemConfiguration.framework in Frameworks */ = {isa = PBXBuildFile; fileRef = 233C984E19925A400063ED63 /* SystemConfiguration.framework */; };
		233C985119925A530063ED63 /* CFNetwork.framework in Frameworks */ = {isa = PBXBuildFile; fileRef = 233C985019925A530063ED63 /* CFNetwork.framework */; };
		233C985319925A5E0063ED63 /* Security.framework in Frameworks */ = {isa = PBXBuildFile; fileRef = 233C985219925A5E0063ED63 /* Security.framework */; };
		233C985519925A6A0063ED63 /* ImageIO.framework in Frameworks */ = {isa = PBXBuildFile; fileRef = 233C985419925A6A0063ED63 /* ImageIO.framework */; };
		233C985A1993D0B10063ED63 /* QuoteViewController.m in Sources */ = {isa = PBXBuildFile; fileRef = 233C98591993D0B10063ED63 /* QuoteViewController.m */; };
		233C985D1993D0C30063ED63 /* ConsultViewController.m in Sources */ = {isa = PBXBuildFile; fileRef = 233C985C1993D0C30063ED63 /* ConsultViewController.m */; };
		2388BDC1198C8C7100F809B0 /* Foundation.framework in Frameworks */ = {isa = PBXBuildFile; fileRef = 2388BDC0198C8C7100F809B0 /* Foundation.framework */; };
		2388BDC3198C8C7100F809B0 /* CoreGraphics.framework in Frameworks */ = {isa = PBXBuildFile; fileRef = 2388BDC2198C8C7100F809B0 /* CoreGraphics.framework */; };
		2388BDC5198C8C7100F809B0 /* UIKit.framework in Frameworks */ = {isa = PBXBuildFile; fileRef = 2388BDC4198C8C7100F809B0 /* UIKit.framework */; };
		2388BDC7198C8C7100F809B0 /* CoreData.framework in Frameworks */ = {isa = PBXBuildFile; fileRef = 2388BDC6198C8C7100F809B0 /* CoreData.framework */; };
		2388BDCD198C8C7100F809B0 /* InfoPlist.strings in Resources */ = {isa = PBXBuildFile; fileRef = 2388BDCB198C8C7100F809B0 /* InfoPlist.strings */; };
		2388BDCF198C8C7100F809B0 /* main.m in Sources */ = {isa = PBXBuildFile; fileRef = 2388BDCE198C8C7100F809B0 /* main.m */; };
		2388BDD3198C8C7100F809B0 /* AppDelegate.m in Sources */ = {isa = PBXBuildFile; fileRef = 2388BDD2198C8C7100F809B0 /* AppDelegate.m */; };
		2388BDD6198C8C7100F809B0 /* lyfzw.xcdatamodeld in Sources */ = {isa = PBXBuildFile; fileRef = 2388BDD4198C8C7100F809B0 /* lyfzw.xcdatamodeld */; };
		2388BDD8198C8C7100F809B0 /* Images.xcassets in Resources */ = {isa = PBXBuildFile; fileRef = 2388BDD7198C8C7100F809B0 /* Images.xcassets */; };
		2388BDDF198C8C7100F809B0 /* XCTest.framework in Frameworks */ = {isa = PBXBuildFile; fileRef = 2388BDDE198C8C7100F809B0 /* XCTest.framework */; };
		2388BDE0198C8C7100F809B0 /* Foundation.framework in Frameworks */ = {isa = PBXBuildFile; fileRef = 2388BDC0198C8C7100F809B0 /* Foundation.framework */; };
		2388BDE1198C8C7100F809B0 /* UIKit.framework in Frameworks */ = {isa = PBXBuildFile; fileRef = 2388BDC4198C8C7100F809B0 /* UIKit.framework */; };
		2388BDE2198C8C7100F809B0 /* CoreData.framework in Frameworks */ = {isa = PBXBuildFile; fileRef = 2388BDC6198C8C7100F809B0 /* CoreData.framework */; };
		2388BDEA198C8C7100F809B0 /* InfoPlist.strings in Resources */ = {isa = PBXBuildFile; fileRef = 2388BDE8198C8C7100F809B0 /* InfoPlist.strings */; };
		2388BDEC198C8C7100F809B0 /* lyfzwTests.m in Sources */ = {isa = PBXBuildFile; fileRef = 2388BDEB198C8C7100F809B0 /* lyfzwTests.m */; };
		23A899FB198FBBD500D2E695 /* LoginViewController.m in Sources */ = {isa = PBXBuildFile; fileRef = 23A899F9198FBBD500D2E695 /* LoginViewController.m */; };
		23A899FC198FBBD500D2E695 /* LoginViewController.xib in Resources */ = {isa = PBXBuildFile; fileRef = 23A899FA198FBBD500D2E695 /* LoginViewController.xib */; };
		23A899FF198FE01C00D2E695 /* User_account_icon@2x.png in Resources */ = {isa = PBXBuildFile; fileRef = 23A89A01198FE01C00D2E695 /* User_account_icon@2x.png */; };
		23D88F6C198E08D600A1CEA6 /* MainViewController.m in Sources */ = {isa = PBXBuildFile; fileRef = 23D88F6B198E08D600A1CEA6 /* MainViewController.m */; };
		23D88F75198E10A300A1CEA6 /* RegViewController.m in Sources */ = {isa = PBXBuildFile; fileRef = 23D88F73198E10A300A1CEA6 /* RegViewController.m */; };
		23D88F76198E10A300A1CEA6 /* RegViewController.xib in Resources */ = {isa = PBXBuildFile; fileRef = 23D88F74198E10A300A1CEA6 /* RegViewController.xib */; };
		23D88F7F198E118700A1CEA6 /* HeaderIcon.png in Resources */ = {isa = PBXBuildFile; fileRef = 23D88F78198E118700A1CEA6 /* HeaderIcon.png */; };
		23D88F80198E118700A1CEA6 /* lyfzwIcon-h@2x.png in Resources */ = {isa = PBXBuildFile; fileRef = 23D88F79198E118700A1CEA6 /* lyfzwIcon-h@2x.png */; };
		23D88F81198E118700A1CEA6 /* lyfzwIcon.png in Resources */ = {isa = PBXBuildFile; fileRef = 23D88F7A198E118700A1CEA6 /* lyfzwIcon.png */; };
		23D88F82198E118700A1CEA6 /* lyfzwIcon@2x.png in Resources */ = {isa = PBXBuildFile; fileRef = 23D88F7B198E118700A1CEA6 /* lyfzwIcon@2x.png */; };
		23D88F83198E118700A1CEA6 /* Pass_Word_Icon@2x.png in Resources */ = {isa = PBXBuildFile; fileRef = 23D88F7C198E118700A1CEA6 /* Pass_Word_Icon@2x.png */; };
		23D88F84198E118700A1CEA6 /* SelectBack@2x.png in Resources */ = {isa = PBXBuildFile; fileRef = 23D88F7D198E118700A1CEA6 /* SelectBack@2x.png */; };
/* End PBXBuildFile section */

/* Begin PBXContainerItemProxy section */
		2388BDE3198C8C7100F809B0 /* PBXContainerItemProxy */ = {
			isa = PBXContainerItemProxy;
			containerPortal = 2388BDB5198C8C7100F809B0 /* Project object */;
			proxyType = 1;
			remoteGlobalIDString = 2388BDBC198C8C7100F809B0;
			remoteInfo = lyfzw;
		};
/* End PBXContainerItemProxy section */

/* Begin PBXFileReference section */
		233C9830199259F90063ED63 /* NSData+MKBase64.h */ = {isa = PBXFileReference; fileEncoding = 4; lastKnownFileType = sourcecode.c.h; path = "NSData+MKBase64.h"; sourceTree = "<group>"; };
		233C9831199259F90063ED63 /* NSData+MKBase64.m */ = {isa = PBXFileReference; fileEncoding = 4; lastKnownFileType = sourcecode.c.objc; path = "NSData+MKBase64.m"; sourceTree = "<group>"; };
		233C9832199259F90063ED63 /* NSDate+RFC1123.h */ = {isa = PBXFileReference; fileEncoding = 4; lastKnownFileType = sourcecode.c.h; path = "NSDate+RFC1123.h"; sourceTree = "<group>"; };
		233C9833199259F90063ED63 /* NSDate+RFC1123.m */ = {isa = PBXFileReference; fileEncoding = 4; lastKnownFileType = sourcecode.c.objc; path = "NSDate+RFC1123.m"; sourceTree = "<group>"; };
		233C9834199259F90063ED63 /* NSDictionary+RequestEncoding.h */ = {isa = PBXFileReference; fileEncoding = 4; lastKnownFileType = sourcecode.c.h; path = "NSDictionary+RequestEncoding.h"; sourceTree = "<group>"; };
		233C9835199259F90063ED63 /* NSDictionary+RequestEncoding.m */ = {isa = PBXFileReference; fileEncoding = 4; lastKnownFileType = sourcecode.c.objc; path = "NSDictionary+RequestEncoding.m"; sourceTree = "<group>"; };
		233C9836199259F90063ED63 /* NSString+MKNetworkKitAdditions.h */ = {isa = PBXFileReference; fileEncoding = 4; lastKnownFileType = sourcecode.c.h; path = "NSString+MKNetworkKitAdditions.h"; sourceTree = "<group>"; };
		233C9837199259F90063ED63 /* NSString+MKNetworkKitAdditions.m */ = {isa = PBXFileReference; fileEncoding = 4; lastKnownFileType = sourcecode.c.objc; path = "NSString+MKNetworkKitAdditions.m"; sourceTree = "<group>"; };
		233C9838199259F90063ED63 /* UIAlertView+MKNetworkKitAdditions.h */ = {isa = PBXFileReference; fileEncoding = 4; lastKnownFileType = sourcecode.c.h; path = "UIAlertView+MKNetworkKitAdditions.h"; sourceTree = "<group>"; };
		233C9839199259F90063ED63 /* UIAlertView+MKNetworkKitAdditions.m */ = {isa = PBXFileReference; fileEncoding = 4; lastKnownFileType = sourcecode.c.objc; path = "UIAlertView+MKNetworkKitAdditions.m"; sourceTree = "<group>"; };
		233C983A199259F90063ED63 /* UIImageView+MKNetworkKitAdditions.h */ = {isa = PBXFileReference; fileEncoding = 4; lastKnownFileType = sourcecode.c.h; path = "UIImageView+MKNetworkKitAdditions.h"; sourceTree = "<group>"; };
		233C983B199259F90063ED63 /* UIImageView+MKNetworkKitAdditions.m */ = {isa = PBXFileReference; fileEncoding = 4; lastKnownFileType = sourcecode.c.objc; path = "UIImageView+MKNetworkKitAdditions.m"; sourceTree = "<group>"; };
		233C983C199259F90063ED63 /* MKNetworkEngine.h */ = {isa = PBXFileReference; fileEncoding = 4; lastKnownFileType = sourcecode.c.h; path = MKNetworkEngine.h; sourceTree = "<group>"; };
		233C983D199259F90063ED63 /* MKNetworkEngine.m */ = {isa = PBXFileReference; fileEncoding = 4; lastKnownFileType = sourcecode.c.objc; path = MKNetworkEngine.m; sourceTree = "<group>"; };
		233C983E199259F90063ED63 /* MKNetworkKit.h */ = {isa = PBXFileReference; fileEncoding = 4; lastKnownFileType = sourcecode.c.h; path = MKNetworkKit.h; sourceTree = "<group>"; };
		233C983F199259F90063ED63 /* MKNetworkOperation.h */ = {isa = PBXFileReference; fileEncoding = 4; lastKnownFileType = sourcecode.c.h; path = MKNetworkOperation.h; sourceTree = "<group>"; };
		233C9840199259F90063ED63 /* MKNetworkOperation.m */ = {isa = PBXFileReference; fileEncoding = 4; lastKnownFileType = sourcecode.c.objc; path = MKNetworkOperation.m; sourceTree = "<group>"; };
		233C9842199259F90063ED63 /* Reachability.h */ = {isa = PBXFileReference; fileEncoding = 4; lastKnownFileType = sourcecode.c.h; path = Reachability.h; sourceTree = "<group>"; };
		233C9843199259F90063ED63 /* Reachability.m */ = {isa = PBXFileReference; fileEncoding = 4; lastKnownFileType = sourcecode.c.objc; path = Reachability.m; sourceTree = "<group>"; };
		233C984E19925A400063ED63 /* SystemConfiguration.framework */ = {isa = PBXFileReference; lastKnownFileType = wrapper.framework; name = SystemConfiguration.framework; path = System/Library/Frameworks/SystemConfiguration.framework; sourceTree = SDKROOT; };
		233C985019925A530063ED63 /* CFNetwork.framework */ = {isa = PBXFileReference; lastKnownFileType = wrapper.framework; name = CFNetwork.framework; path = System/Library/Frameworks/CFNetwork.framework; sourceTree = SDKROOT; };
		233C985219925A5E0063ED63 /* Security.framework */ = {isa = PBXFileReference; lastKnownFileType = wrapper.framework; name = Security.framework; path = System/Library/Frameworks/Security.framework; sourceTree = SDKROOT; };
		233C985419925A6A0063ED63 /* ImageIO.framework */ = {isa = PBXFileReference; lastKnownFileType = wrapper.framework; name = ImageIO.framework; path = System/Library/Frameworks/ImageIO.framework; sourceTree = SDKROOT; };
		233C98581993D0B10063ED63 /* QuoteViewController.h */ = {isa = PBXFileReference; fileEncoding = 4; lastKnownFileType = sourcecode.c.h; path = QuoteViewController.h; sourceTree = "<group>"; };
		233C98591993D0B10063ED63 /* QuoteViewController.m */ = {isa = PBXFileReference; fileEncoding = 4; lastKnownFileType = sourcecode.c.objc; path = QuoteViewController.m; sourceTree = "<group>"; };
		233C985B1993D0C30063ED63 /* ConsultViewController.h */ = {isa = PBXFileReference; fileEncoding = 4; lastKnownFileType = sourcecode.c.h; path = ConsultViewController.h; sourceTree = "<group>"; };
		233C985C1993D0C30063ED63 /* ConsultViewController.m */ = {isa = PBXFileReference; fileEncoding = 4; lastKnownFileType = sourcecode.c.objc; path = ConsultViewController.m; sourceTree = "<group>"; };
		2388BDBD198C8C7100F809B0 /* lyfzw.app */ = {isa = PBXFileReference; explicitFileType = wrapper.application; includeInIndex = 0; path = lyfzw.app; sourceTree = BUILT_PRODUCTS_DIR; };
		2388BDC0198C8C7100F809B0 /* Foundation.framework */ = {isa = PBXFileReference; lastKnownFileType = wrapper.framework; name = Foundation.framework; path = System/Library/Frameworks/Foundation.framework; sourceTree = SDKROOT; };
		2388BDC2198C8C7100F809B0 /* CoreGraphics.framework */ = {isa = PBXFileReference; lastKnownFileType = wrapper.framework; name = CoreGraphics.framework; path = System/Library/Frameworks/CoreGraphics.framework; sourceTree = SDKROOT; };
		2388BDC4198C8C7100F809B0 /* UIKit.framework */ = {isa = PBXFileReference; lastKnownFileType = wrapper.framework; name = UIKit.framework; path = System/Library/Frameworks/UIKit.framework; sourceTree = SDKROOT; };
		2388BDC6198C8C7100F809B0 /* CoreData.framework */ = {isa = PBXFileReference; lastKnownFileType = wrapper.framework; name = CoreData.framework; path = System/Library/Frameworks/CoreData.framework; sourceTree = SDKROOT; };
		2388BDCA198C8C7100F809B0 /* lyfzw-Info.plist */ = {isa = PBXFileReference; lastKnownFileType = text.plist.xml; path = "lyfzw-Info.plist"; sourceTree = "<group>"; };
		2388BDCC198C8C7100F809B0 /* en */ = {isa = PBXFileReference; lastKnownFileType = text.plist.strings; name = en; path = en.lproj/InfoPlist.strings; sourceTree = "<group>"; };
		2388BDCE198C8C7100F809B0 /* main.m */ = {isa = PBXFileReference; lastKnownFileType = sourcecode.c.objc; path = main.m; sourceTree = "<group>"; };
		2388BDD0198C8C7100F809B0 /* lyfzw-Prefix.pch */ = {isa = PBXFileReference; lastKnownFileType = sourcecode.c.h; path = "lyfzw-Prefix.pch"; sourceTree = "<group>"; };
		2388BDD1198C8C7100F809B0 /* AppDelegate.h */ = {isa = PBXFileReference; lastKnownFileType = sourcecode.c.h; path = AppDelegate.h; sourceTree = "<group>"; };
		2388BDD2198C8C7100F809B0 /* AppDelegate.m */ = {isa = PBXFileReference; lastKnownFileType = sourcecode.c.objc; path = AppDelegate.m; sourceTree = "<group>"; };
		2388BDD5198C8C7100F809B0 /* lyfzw.xcdatamodel */ = {isa = PBXFileReference; lastKnownFileType = wrapper.xcdatamodel; path = lyfzw.xcdatamodel; sourceTree = "<group>"; };
		2388BDD7198C8C7100F809B0 /* Images.xcassets */ = {isa = PBXFileReference; lastKnownFileType = folder.assetcatalog; path = Images.xcassets; sourceTree = "<group>"; };
		2388BDDD198C8C7100F809B0 /* lyfzwTests.xctest */ = {isa = PBXFileReference; explicitFileType = wrapper.cfbundle; includeInIndex = 0; path = lyfzwTests.xctest; sourceTree = BUILT_PRODUCTS_DIR; };
		2388BDDE198C8C7100F809B0 /* XCTest.framework */ = {isa = PBXFileReference; lastKnownFileType = wrapper.framework; name = XCTest.framework; path = Library/Frameworks/XCTest.framework; sourceTree = DEVELOPER_DIR; };
		2388BDE7198C8C7100F809B0 /* lyfzwTests-Info.plist */ = {isa = PBXFileReference; lastKnownFileType = text.plist.xml; path = "lyfzwTests-Info.plist"; sourceTree = "<group>"; };
		2388BDE9198C8C7100F809B0 /* en */ = {isa = PBXFileReference; lastKnownFileType = text.plist.strings; name = en; path = en.lproj/InfoPlist.strings; sourceTree = "<group>"; };
		2388BDEB198C8C7100F809B0 /* lyfzwTests.m */ = {isa = PBXFileReference; lastKnownFileType = sourcecode.c.objc; path = lyfzwTests.m; sourceTree = "<group>"; };
		23A899F8198FBBD500D2E695 /* LoginViewController.h */ = {isa = PBXFileReference; fileEncoding = 4; lastKnownFileType = sourcecode.c.h; path = LoginViewController.h; sourceTree = "<group>"; };
		23A899F9198FBBD500D2E695 /* LoginViewController.m */ = {isa = PBXFileReference; fileEncoding = 4; lastKnownFileType = sourcecode.c.objc; path = LoginViewController.m; sourceTree = "<group>"; };
		23A899FA198FBBD500D2E695 /* LoginViewController.xib */ = {isa = PBXFileReference; fileEncoding = 4; lastKnownFileType = file.xib; path = LoginViewController.xib; sourceTree = "<group>"; };
		23A89A00198FE01C00D2E695 /* en */ = {isa = PBXFileReference; lastKnownFileType = image.png; name = en; path = "en.lproj/User_account_icon@2x.png"; sourceTree = "<group>"; };
		23D88F6A198E08D600A1CEA6 /* MainViewController.h */ = {isa = PBXFileReference; fileEncoding = 4; lastKnownFileType = sourcecode.c.h; path = MainViewController.h; sourceTree = "<group>"; };
		23D88F6B198E08D600A1CEA6 /* MainViewController.m */ = {isa = PBXFileReference; fileEncoding = 4; lastKnownFileType = sourcecode.c.objc; path = MainViewController.m; sourceTree = "<group>"; };
		23D88F72198E10A300A1CEA6 /* RegViewController.h */ = {isa = PBXFileReference; fileEncoding = 4; lastKnownFileType = sourcecode.c.h; path = RegViewController.h; sourceTree = "<group>"; };
		23D88F73198E10A300A1CEA6 /* RegViewController.m */ = {isa = PBXFileReference; fileEncoding = 4; lastKnownFileType = sourcecode.c.objc; path = RegViewController.m; sourceTree = "<group>"; };
		23D88F74198E10A300A1CEA6 /* RegViewController.xib */ = {isa = PBXFileReference; fileEncoding = 4; lastKnownFileType = file.xib; path = RegViewController.xib; sourceTree = "<group>"; };
		23D88F78198E118700A1CEA6 /* HeaderIcon.png */ = {isa = PBXFileReference; lastKnownFileType = image.png; path = HeaderIcon.png; sourceTree = "<group>"; };
		23D88F79198E118700A1CEA6 /* lyfzwIcon-h@2x.png */ = {isa = PBXFileReference; lastKnownFileType = image.png; path = "lyfzwIcon-h@2x.png"; sourceTree = "<group>"; };
		23D88F7A198E118700A1CEA6 /* lyfzwIcon.png */ = {isa = PBXFileReference; lastKnownFileType = image.png; path = lyfzwIcon.png; sourceTree = "<group>"; };
		23D88F7B198E118700A1CEA6 /* lyfzwIcon@2x.png */ = {isa = PBXFileReference; lastKnownFileType = image.png; path = "lyfzwIcon@2x.png"; sourceTree = "<group>"; };
		23D88F7C198E118700A1CEA6 /* Pass_Word_Icon@2x.png */ = {isa = PBXFileReference; lastKnownFileType = image.png; path = "Pass_Word_Icon@2x.png"; sourceTree = "<group>"; };
		23D88F7D198E118700A1CEA6 /* SelectBack@2x.png */ = {isa = PBXFileReference; lastKnownFileType = image.png; path = "SelectBack@2x.png"; sourceTree = "<group>"; };
/* End PBXFileReference section */

/* Begin PBXFrameworksBuildPhase section */
		2388BDBA198C8C7100F809B0 /* Frameworks */ = {
			isa = PBXFrameworksBuildPhase;
			buildActionMask = 2147483647;
			files = (
				233C985519925A6A0063ED63 /* ImageIO.framework in Frameworks */,
				233C985319925A5E0063ED63 /* Security.framework in Frameworks */,
				233C985119925A530063ED63 /* CFNetwork.framework in Frameworks */,
				233C984F19925A400063ED63 /* SystemConfiguration.framework in Frameworks */,
				2388BDC3198C8C7100F809B0 /* CoreGraphics.framework in Frameworks */,
				2388BDC7198C8C7100F809B0 /* CoreData.framework in Frameworks */,
				2388BDC5198C8C7100F809B0 /* UIKit.framework in Frameworks */,
				2388BDC1198C8C7100F809B0 /* Foundation.framework in Frameworks */,
			);
			runOnlyForDeploymentPostprocessing = 0;
		};
		2388BDDA198C8C7100F809B0 /* Frameworks */ = {
			isa = PBXFrameworksBuildPhase;
			buildActionMask = 2147483647;
			files = (
				2388BDDF198C8C7100F809B0 /* XCTest.framework in Frameworks */,
				2388BDE2198C8C7100F809B0 /* CoreData.framework in Frameworks */,
				2388BDE1198C8C7100F809B0 /* UIKit.framework in Frameworks */,
				2388BDE0198C8C7100F809B0 /* Foundation.framework in Frameworks */,
			);
			runOnlyForDeploymentPostprocessing = 0;
		};
/* End PBXFrameworksBuildPhase section */

/* Begin PBXGroup section */
		233C982C199259F90063ED63 /* MKNetworkKit */ = {
			isa = PBXGroup;
			children = (
				233C982D199259F90063ED63 /* Categories */,
				233C983C199259F90063ED63 /* MKNetworkEngine.h */,
				233C983D199259F90063ED63 /* MKNetworkEngine.m */,
				233C983E199259F90063ED63 /* MKNetworkKit.h */,
				233C983F199259F90063ED63 /* MKNetworkOperation.h */,
				233C9840199259F90063ED63 /* MKNetworkOperation.m */,
				233C9841199259F90063ED63 /* Reachability */,
			);
			name = MKNetworkKit;
			path = ../MKNetworkKit;
			sourceTree = "<group>";
		};
		233C982D199259F90063ED63 /* Categories */ = {
			isa = PBXGroup;
			children = (
				233C9830199259F90063ED63 /* NSData+MKBase64.h */,
				233C9831199259F90063ED63 /* NSData+MKBase64.m */,
				233C9832199259F90063ED63 /* NSDate+RFC1123.h */,
				233C9833199259F90063ED63 /* NSDate+RFC1123.m */,
				233C9834199259F90063ED63 /* NSDictionary+RequestEncoding.h */,
				233C9835199259F90063ED63 /* NSDictionary+RequestEncoding.m */,
				233C9836199259F90063ED63 /* NSString+MKNetworkKitAdditions.h */,
				233C9837199259F90063ED63 /* NSString+MKNetworkKitAdditions.m */,
				233C9838199259F90063ED63 /* UIAlertView+MKNetworkKitAdditions.h */,
				233C9839199259F90063ED63 /* UIAlertView+MKNetworkKitAdditions.m */,
				233C983A199259F90063ED63 /* UIImageView+MKNetworkKitAdditions.h */,
				233C983B199259F90063ED63 /* UIImageView+MKNetworkKitAdditions.m */,
			);
			path = Categories;
			sourceTree = "<group>";
		};
		233C9841199259F90063ED63 /* Reachability */ = {
			isa = PBXGroup;
			children = (
				233C9842199259F90063ED63 /* Reachability.h */,
				233C9843199259F90063ED63 /* Reachability.m */,
			);
			path = Reachability;
			sourceTree = "<group>";
		};
		2388BDB4198C8C7100F809B0 = {
			isa = PBXGroup;
			children = (
				2388BDC8198C8C7100F809B0 /* lyfzw */,
				2388BDE5198C8C7100F809B0 /* lyfzwTests */,
				2388BDBF198C8C7100F809B0 /* Frameworks */,
				2388BDBE198C8C7100F809B0 /* Products */,
			);
			sourceTree = "<group>";
		};
		2388BDBE198C8C7100F809B0 /* Products */ = {
			isa = PBXGroup;
			children = (
				2388BDBD198C8C7100F809B0 /* lyfzw.app */,
				2388BDDD198C8C7100F809B0 /* lyfzwTests.xctest */,
			);
			name = Products;
			sourceTree = "<group>";
		};
		2388BDBF198C8C7100F809B0 /* Frameworks */ = {
			isa = PBXGroup;
			children = (
				233C985419925A6A0063ED63 /* ImageIO.framework */,
				233C985219925A5E0063ED63 /* Security.framework */,
				233C985019925A530063ED63 /* CFNetwork.framework */,
				233C984E19925A400063ED63 /* SystemConfiguration.framework */,
				2388BDC0198C8C7100F809B0 /* Foundation.framework */,
				2388BDC2198C8C7100F809B0 /* CoreGraphics.framework */,
				2388BDC4198C8C7100F809B0 /* UIKit.framework */,
				2388BDC6198C8C7100F809B0 /* CoreData.framework */,
				2388BDDE198C8C7100F809B0 /* XCTest.framework */,
			);
			name = Frameworks;
			sourceTree = "<group>";
		};
		2388BDC8198C8C7100F809B0 /* lyfzw */ = {
			isa = PBXGroup;
			children = (
				233C982C199259F90063ED63 /* MKNetworkKit */,
				23D88F77198E116700A1CEA6 /* img */,
				2388BDD1198C8C7100F809B0 /* AppDelegate.h */,
				2388BDD2198C8C7100F809B0 /* AppDelegate.m */,
				2388BDD7198C8C7100F809B0 /* Images.xcassets */,
				2388BDD4198C8C7100F809B0 /* lyfzw.xcdatamodeld */,
				2388BDC9198C8C7100F809B0 /* Supporting Files */,
				23D88F6A198E08D600A1CEA6 /* MainViewController.h */,
				23D88F6B198E08D600A1CEA6 /* MainViewController.m */,
				233C98581993D0B10063ED63 /* QuoteViewController.h */,
				233C98591993D0B10063ED63 /* QuoteViewController.m */,
				233C985B1993D0C30063ED63 /* ConsultViewController.h */,
				233C985C1993D0C30063ED63 /* ConsultViewController.m */,
				23D88F72198E10A300A1CEA6 /* RegViewController.h */,
				23D88F73198E10A300A1CEA6 /* RegViewController.m */,
				23D88F74198E10A300A1CEA6 /* RegViewController.xib */,
				23A899F8198FBBD500D2E695 /* LoginViewController.h */,
				23A899F9198FBBD500D2E695 /* LoginViewController.m */,
				23A899FA198FBBD500D2E695 /* LoginViewController.xib */,
			);
			path = lyfzw;
			sourceTree = "<group>";
		};
		2388BDC9198C8C7100F809B0 /* Supporting Files */ = {
			isa = PBXGroup;
			children = (
				2388BDCA198C8C7100F809B0 /* lyfzw-Info.plist */,
				2388BDCB198C8C7100F809B0 /* InfoPlist.strings */,
				2388BDCE198C8C7100F809B0 /* main.m */,
				2388BDD0198C8C7100F809B0 /* lyfzw-Prefix.pch */,
			);
			name = "Supporting Files";
			sourceTree = "<group>";
		};
		2388BDE5198C8C7100F809B0 /* lyfzwTests */ = {
			isa = PBXGroup;
			children = (
				2388BDEB198C8C7100F809B0 /* lyfzwTests.m */,
				2388BDE6198C8C7100F809B0 /* Supporting Files */,
			);
			path = lyfzwTests;
			sourceTree = "<group>";
		};
		2388BDE6198C8C7100F809B0 /* Supporting Files */ = {
			isa = PBXGroup;
			children = (
				2388BDE7198C8C7100F809B0 /* lyfzwTests-Info.plist */,
				2388BDE8198C8C7100F809B0 /* InfoPlist.strings */,
			);
			name = "Supporting Files";
			sourceTree = "<group>";
		};
		23D88F77198E116700A1CEA6 /* img */ = {
			isa = PBXGroup;
			children = (
				23D88F78198E118700A1CEA6 /* HeaderIcon.png */,
				23D88F79198E118700A1CEA6 /* lyfzwIcon-h@2x.png */,
				23D88F7A198E118700A1CEA6 /* lyfzwIcon.png */,
				23D88F7B198E118700A1CEA6 /* lyfzwIcon@2x.png */,
				23D88F7C198E118700A1CEA6 /* Pass_Word_Icon@2x.png */,
				23D88F7D198E118700A1CEA6 /* SelectBack@2x.png */,
				23A89A01198FE01C00D2E695 /* User_account_icon@2x.png */,
			);
			name = img;
			sourceTree = "<group>";
		};
/* End PBXGroup section */

/* Begin PBXNativeTarget section */
		2388BDBC198C8C7100F809B0 /* lyfzw */ = {
			isa = PBXNativeTarget;
			buildConfigurationList = 2388BDEF198C8C7100F809B0 /* Build configuration list for PBXNativeTarget "lyfzw" */;
			buildPhases = (
				2388BDB9198C8C7100F809B0 /* Sources */,
				2388BDBA198C8C7100F809B0 /* Frameworks */,
				2388BDBB198C8C7100F809B0 /* Resources */,
			);
			buildRules = (
			);
			dependencies = (
			);
			name = lyfzw;
			productName = lyfzw;
			productReference = 2388BDBD198C8C7100F809B0 /* lyfzw.app */;
			productType = "com.apple.product-type.application";
		};
		2388BDDC198C8C7100F809B0 /* lyfzwTests */ = {
			isa = PBXNativeTarget;
			buildConfigurationList = 2388BDF2198C8C7100F809B0 /* Build configuration list for PBXNativeTarget "lyfzwTests" */;
			buildPhases = (
				2388BDD9198C8C7100F809B0 /* Sources */,
				2388BDDA198C8C7100F809B0 /* Frameworks */,
				2388BDDB198C8C7100F809B0 /* Resources */,
			);
			buildRules = (
			);
			dependencies = (
				2388BDE4198C8C7100F809B0 /* PBXTargetDependency */,
			);
			name = lyfzwTests;
			productName = lyfzwTests;
			productReference = 2388BDDD198C8C7100F809B0 /* lyfzwTests.xctest */;
			productType = "com.apple.product-type.bundle.unit-test";
		};
/* End PBXNativeTarget section */

/* Begin PBXProject section */
		2388BDB5198C8C7100F809B0 /* Project object */ = {
			isa = PBXProject;
			attributes = {
				LastUpgradeCheck = 0510;
				ORGANIZATIONNAME = cc;
				TargetAttributes = {
					2388BDDC198C8C7100F809B0 = {
						TestTargetID = 2388BDBC198C8C7100F809B0;
					};
				};
			};
			buildConfigurationList = 2388BDB8198C8C7100F809B0 /* Build configuration list for PBXProject "lyfzw" */;
			compatibilityVersion = "Xcode 3.2";
			developmentRegion = English;
			hasScannedForEncodings = 0;
			knownRegions = (
				en,
			);
			mainGroup = 2388BDB4198C8C7100F809B0;
			productRefGroup = 2388BDBE198C8C7100F809B0 /* Products */;
			projectDirPath = "";
			projectRoot = "";
			targets = (
				2388BDBC198C8C7100F809B0 /* lyfzw */,
				2388BDDC198C8C7100F809B0 /* lyfzwTests */,
			);
		};
/* End PBXProject section */

/* Begin PBXResourcesBuildPhase section */
		2388BDBB198C8C7100F809B0 /* Resources */ = {
			isa = PBXResourcesBuildPhase;
			buildActionMask = 2147483647;
			files = (
				2388BDCD198C8C7100F809B0 /* InfoPlist.strings in Resources */,
				23D88F83198E118700A1CEA6 /* Pass_Word_Icon@2x.png in Resources */,
				23A899FC198FBBD500D2E695 /* LoginViewController.xib in Resources */,
				23D88F81198E118700A1CEA6 /* lyfzwIcon.png in Resources */,
				23D88F84198E118700A1CEA6 /* SelectBack@2x.png in Resources */,
				23D88F82198E118700A1CEA6 /* lyfzwIcon@2x.png in Resources */,
				23A899FF198FE01C00D2E695 /* User_account_icon@2x.png in Resources */,
				2388BDD8198C8C7100F809B0 /* Images.xcassets in Resources */,
				23D88F76198E10A300A1CEA6 /* RegViewController.xib in Resources */,
				23D88F7F198E118700A1CEA6 /* HeaderIcon.png in Resources */,
				23D88F80198E118700A1CEA6 /* lyfzwIcon-h@2x.png in Resources */,
			);
			runOnlyForDeploymentPostprocessing = 0;
		};
		2388BDDB198C8C7100F809B0 /* Resources */ = {
			isa = PBXResourcesBuildPhase;
			buildActionMask = 2147483647;
			files = (
				2388BDEA198C8C7100F809B0 /* InfoPlist.strings in Resources */,
			);
			runOnlyForDeploymentPostprocessing = 0;
		};
/* End PBXResourcesBuildPhase section */

/* Begin PBXSourcesBuildPhase section */
		2388BDB9198C8C7100F809B0 /* Sources */ = {
			isa = PBXSourcesBuildPhase;
			buildActionMask = 2147483647;
			files = (
				2388BDD3198C8C7100F809B0 /* AppDelegate.m in Sources */,
				2388BDD6198C8C7100F809B0 /* lyfzw.xcdatamodeld in Sources */,
				233C9846199259F90063ED63 /* NSDate+RFC1123.m in Sources */,
				233C9848199259F90063ED63 /* NSString+MKNetworkKitAdditions.m in Sources */,
				233C984B199259F90063ED63 /* MKNetworkEngine.m in Sources */,
				233C984C199259F90063ED63 /* MKNetworkOperation.m in Sources */,
				23A899FB198FBBD500D2E695 /* LoginViewController.m in Sources */,
				233C9847199259F90063ED63 /* NSDictionary+RequestEncoding.m in Sources */,
				2388BDCF198C8C7100F809B0 /* main.m in Sources */,
				233C984D199259F90063ED63 /* Reachability.m in Sources */,
				23D88F6C198E08D600A1CEA6 /* MainViewController.m in Sources */,
				23D88F75198E10A300A1CEA6 /* RegViewController.m in Sources */,
				233C9845199259F90063ED63 /* NSData+MKBase64.m in Sources */,
				233C985D1993D0C30063ED63 /* ConsultViewController.m in Sources */,
				233C985A1993D0B10063ED63 /* QuoteViewController.m in Sources */,
				233C984A199259F90063ED63 /* UIImageView+MKNetworkKitAdditions.m in Sources */,
				233C9849199259F90063ED63 /* UIAlertView+MKNetworkKitAdditions.m in Sources */,
			);
			runOnlyForDeploymentPostprocessing = 0;
		};
		2388BDD9198C8C7100F809B0 /* Sources */ = {
			isa = PBXSourcesBuildPhase;
			buildActionMask = 2147483647;
			files = (
				2388BDEC198C8C7100F809B0 /* lyfzwTests.m in Sources */,
			);
			runOnlyForDeploymentPostprocessing = 0;
		};
/* End PBXSourcesBuildPhase section */

/* Begin PBXTargetDependency section */
		2388BDE4198C8C7100F809B0 /* PBXTargetDependency */ = {
			isa = PBXTargetDependency;
			target = 2388BDBC198C8C7100F809B0 /* lyfzw */;
			targetProxy = 2388BDE3198C8C7100F809B0 /* PBXContainerItemProxy */;
		};
/* End PBXTargetDependency section */

/* Begin PBXVariantGroup section */
		2388BDCB198C8C7100F809B0 /* InfoPlist.strings */ = {
			isa = PBXVariantGroup;
			children = (
				2388BDCC198C8C7100F809B0 /* en */,
			);
			name = InfoPlist.strings;
			sourceTree = "<group>";
		};
		2388BDE8198C8C7100F809B0 /* InfoPlist.strings */ = {
			isa = PBXVariantGroup;
			children = (
				2388BDE9198C8C7100F809B0 /* en */,
			);
			name = InfoPlist.strings;
			sourceTree = "<group>";
		};
		23A89A01198FE01C00D2E695 /* User_account_icon@2x.png */ = {
			isa = PBXVariantGroup;
			children = (
				23A89A00198FE01C00D2E695 /* en */,
			);
			name = "User_account_icon@2x.png";
			sourceTree = "<group>";
		};
/* End PBXVariantGroup section */

/* Begin XCBuildConfiguration section */
		2388BDED198C8C7100F809B0 /* Debug */ = {
			isa = XCBuildConfiguration;
			buildSettings = {
				ALWAYS_SEARCH_USER_PATHS = NO;
				CLANG_CXX_LANGUAGE_STANDARD = "gnu++0x";
				CLANG_CXX_LIBRARY = "libc++";
				CLANG_ENABLE_MODULES = YES;
				CLANG_ENABLE_OBJC_ARC = YES;
				CLANG_WARN_BOOL_CONVERSION = YES;
				CLANG_WARN_CONSTANT_CONVERSION = YES;
				CLANG_WARN_DIRECT_OBJC_ISA_USAGE = YES_ERROR;
				CLANG_WARN_EMPTY_BODY = YES;
				CLANG_WARN_ENUM_CONVERSION = YES;
				CLANG_WARN_INT_CONVERSION = YES;
				CLANG_WARN_OBJC_ROOT_CLASS = YES_ERROR;
				CLANG_WARN__DUPLICATE_METHOD_MATCH = YES;
				"CODE_SIGN_IDENTITY[sdk=iphoneos*]" = "iPhone Developer";
				COPY_PHASE_STRIP = NO;
				GCC_C_LANGUAGE_STANDARD = gnu99;
				GCC_DYNAMIC_NO_PIC = NO;
				GCC_OPTIMIZATION_LEVEL = 0;
				GCC_PREPROCESSOR_DEFINITIONS = (
					"DEBUG=1",
					"$(inherited)",
				);
				GCC_SYMBOLS_PRIVATE_EXTERN = NO;
				GCC_WARN_64_TO_32_BIT_CONVERSION = YES;
				GCC_WARN_ABOUT_RETURN_TYPE = YES_ERROR;
				GCC_WARN_UNDECLARED_SELECTOR = YES;
				GCC_WARN_UNINITIALIZED_AUTOS = YES_AGGRESSIVE;
				GCC_WARN_UNUSED_FUNCTION = YES;
				GCC_WARN_UNUSED_VARIABLE = YES;
				IPHONEOS_DEPLOYMENT_TARGET = 7.1;
				ONLY_ACTIVE_ARCH = YES;
				SDKROOT = iphoneos;
				TARGETED_DEVICE_FAMILY = "1,2";
			};
			name = Debug;
		};
		2388BDEE198C8C7100F809B0 /* Release */ = {
			isa = XCBuildConfiguration;
			buildSettings = {
				ALWAYS_SEARCH_USER_PATHS = NO;
				CLANG_CXX_LANGUAGE_STANDARD = "gnu++0x";
				CLANG_CXX_LIBRARY = "libc++";
				CLANG_ENABLE_MODULES = YES;
				CLANG_ENABLE_OBJC_ARC = YES;
				CLANG_WARN_BOOL_CONVERSION = YES;
				CLANG_WARN_CONSTANT_CONVERSION = YES;
				CLANG_WARN_DIRECT_OBJC_ISA_USAGE = YES_ERROR;
				CLANG_WARN_EMPTY_BODY = YES;
				CLANG_WARN_ENUM_CONVERSION = YES;
				CLANG_WARN_INT_CONVERSION = YES;
				CLANG_WARN_OBJC_ROOT_CLASS = YES_ERROR;
				CLANG_WARN__DUPLICATE_METHOD_MATCH = YES;
				"CODE_SIGN_IDENTITY[sdk=iphoneos*]" = "iPhone Developer";
				COPY_PHASE_STRIP = YES;
				ENABLE_NS_ASSERTIONS = NO;
				GCC_C_LANGUAGE_STANDARD = gnu99;
				GCC_WARN_64_TO_32_BIT_CONVERSION = YES;
				GCC_WARN_ABOUT_RETURN_TYPE = YES_ERROR;
				GCC_WARN_UNDECLARED_SELECTOR = YES;
				GCC_WARN_UNINITIALIZED_AUTOS = YES_AGGRESSIVE;
				GCC_WARN_UNUSED_FUNCTION = YES;
				GCC_WARN_UNUSED_VARIABLE = YES;
				IPHONEOS_DEPLOYMENT_TARGET = 7.1;
				SDKROOT = iphoneos;
				TARGETED_DEVICE_FAMILY = "1,2";
				VALIDATE_PRODUCT = YES;
			};
			name = Release;
		};
		2388BDF0198C8C7100F809B0 /* Debug */ = {
			isa = XCBuildConfiguration;
			buildSettings = {
				ASSETCATALOG_COMPILER_APPICON_NAME = AppIcon;
				ASSETCATALOG_COMPILER_LAUNCHIMAGE_NAME = LaunchImage;
				GCC_PRECOMPILE_PREFIX_HEADER = YES;
				GCC_PREFIX_HEADER = "lyfzw/lyfzw-Prefix.pch";
				INFOPLIST_FILE = "lyfzw/lyfzw-Info.plist";
				PRODUCT_NAME = "$(TARGET_NAME)";
				WRAPPER_EXTENSION = app;
			};
			name = Debug;
		};
		2388BDF1198C8C7100F809B0 /* Release */ = {
			isa = XCBuildConfiguration;
			buildSettings = {
				ASSETCATALOG_COMPILER_APPICON_NAME = AppIcon;
				ASSETCATALOG_COMPILER_LAUNCHIMAGE_NAME = LaunchImage;
				GCC_PRECOMPILE_PREFIX_HEADER = YES;
				GCC_PREFIX_HEADER = "lyfzw/lyfzw-Prefix.pch";
				INFOPLIST_FILE = "lyfzw/lyfzw-Info.plist";
				PRODUCT_NAME = "$(TARGET_NAME)";
				WRAPPER_EXTENSION = app;
			};
			name = Release;
		};
		2388BDF3198C8C7100F809B0 /* Debug */ = {
			isa = XCBuildConfiguration;
			buildSettings = {
				BUNDLE_LOADER = "$(BUILT_PRODUCTS_DIR)/lyfzw.app/lyfzw";
				FRAMEWORK_SEARCH_PATHS = (
					"$(SDKROOT)/Developer/Library/Frameworks",
					"$(inherited)",
					"$(DEVELOPER_FRAMEWORKS_DIR)",
				);
				GCC_PRECOMPILE_PREFIX_HEADER = YES;
				GCC_PREFIX_HEADER = "lyfzw/lyfzw-Prefix.pch";
				GCC_PREPROCESSOR_DEFINITIONS = (
					"DEBUG=1",
					"$(inherited)",
				);
				INFOPLIST_FILE = "lyfzwTests/lyfzwTests-Info.plist";
				PRODUCT_NAME = "$(TARGET_NAME)";
				TEST_HOST = "$(BUNDLE_LOADER)";
				WRAPPER_EXTENSION = xctest;
			};
			name = Debug;
		};
		2388BDF4198C8C7100F809B0 /* Release */ = {
			isa = XCBuildConfiguration;
			buildSettings = {
				BUNDLE_LOADER = "$(BUILT_PRODUCTS_DIR)/lyfzw.app/lyfzw";
				FRAMEWORK_SEARCH_PATHS = (
					"$(SDKROOT)/Developer/Library/Frameworks",
					"$(inherited)",
					"$(DEVELOPER_FRAMEWORKS_DIR)",
				);
				GCC_PRECOMPILE_PREFIX_HEADER = YES;
				GCC_PREFIX_HEADER = "lyfzw/lyfzw-Prefix.pch";
				INFOPLIST_FILE = "lyfzwTests/lyfzwTests-Info.plist";
				PRODUCT_NAME = "$(TARGET_NAME)";
				TEST_HOST = "$(BUNDLE_LOADER)";
				WRAPPER_EXTENSION = xctest;
			};
			name = Release;
		};
/* End XCBuildConfiguration section */

/* Begin XCConfigurationList section */
		2388BDB8198C8C7100F809B0 /* Build configuration list for PBXProject "lyfzw" */ = {
			isa = XCConfigurationList;
			buildConfigurations = (
				2388BDED198C8C7100F809B0 /* Debug */,
				2388BDEE198C8C7100F809B0 /* Release */,
			);
			defaultConfigurationIsVisible = 0;
			defaultConfigurationName = Release;
		};
		2388BDEF198C8C7100F809B0 /* Build configuration list for PBXNativeTarget "lyfzw" */ = {
			isa = XCConfigurationList;
			buildConfigurations = (
				2388BDF0198C8C7100F809B0 /* Debug */,
				2388BDF1198C8C7100F809B0 /* Release */,
			);
			defaultConfigurationIsVisible = 0;
			defaultConfigurationName = Release;
		};
		2388BDF2198C8C7100F809B0 /* Build configuration list for PBXNativeTarget "lyfzwTests" */ = {
			isa = XCConfigurationList;
			buildConfigurations = (
				2388BDF3198C8C7100F809B0 /* Debug */,
				2388BDF4198C8C7100F809B0 /* Release */,
			);
			defaultConfigurationIsVisible = 0;
			defaultConfigurationName = Release;
		};
/* End XCConfigurationList section */

/* Begin XCVersionGroup section */
		2388BDD4198C8C7100F809B0 /* lyfzw.xcdatamodeld */ = {
			isa = XCVersionGroup;
			children = (
				2388BDD5198C8C7100F809B0 /* lyfzw.xcdatamodel */,
			);
			currentVersion = 2388BDD5198C8C7100F809B0 /* lyfzw.xcdatamodel */;
			path = lyfzw.xcdatamodeld;
			sourceTree = "<group>";
			versionGroupType = wrapper.xcdatamodel;
		};
/* End XCVersionGroup section */
	};
	rootObject = 2388BDB5198C8C7100F809B0 /* Project object */;
}
